
Microsoft Visual Studio Solution File, Format Version 12.00
# Visual Studio 15
VisualStudioVersion = 15.0.28010.2003
MinimumVisualStudioVersion = 10.0.40219.1
Project("{9A19103F-16F7-4668-BE54-9A1E7A4F7556}") = "clipr.Converters", "src\clipr.Converters\clipr.Converters.csproj", "{F8D335A8-44CD-47B5-907D-E3A3814C6987}"
EndProject
Project("{9A19103F-16F7-4668-BE54-9A1E7A4F7556}") = "clipr.Converters.UnitTests", "src\clipr.Converters.UnitTests\clipr.Converters.UnitTests.csproj", "{3F460DFD-9054-400C-BE03-EAD69267FEE0}"
EndProject
Project("{2150E333-8FDC-42A3-9474-1A3956D46DE8}") = "docs", "docs", "{F46D26E3-5A8F-40AF-8795-061F50EE05D1}"
	ProjectSection(SolutionItems) = preProject
		README.md = README.md
	EndProjectSection
EndProject
Project("{FAE04EC0-301F-11D3-BF4B-00C04F79EFBC}") = "clipr.Converters.Sample", "src\clipr.Converters.Sample\clipr.Converters.Sample.csproj", "{9E8CD970-F0DA-46A2-892F-A67877A4D992}"
EndProject
Global
	GlobalSection(SolutionConfigurationPlatforms) = preSolution
		Debug|Any CPU = Debug|Any CPU
		Release|Any CPU = Release|Any CPU
	EndGlobalSection
	GlobalSection(ProjectConfigurationPlatforms) = postSolution
		{F8D335A8-44CD-47B5-907D-E3A3814C6987}.Debug|Any CPU.ActiveCfg = Debug|Any CPU
		{F8D335A8-44CD-47B5-907D-E3A3814C6987}.Debug|Any CPU.Build.0 = Debug|Any CPU
		{F8D335A8-44CD-47B5-907D-E3A3814C6987}.Release|Any CPU.ActiveCfg = Release|Any CPU
		{F8D335A8-44CD-47B5-907D-E3A3814C6987}.Release|Any CPU.Build.0 = Release|Any CPU
		{3F460DFD-9054-400C-BE03-EAD69267FEE0}.Debug|Any CPU.ActiveCfg = Debug|Any CPU
		{3F460DFD-9054-400C-BE03-EAD69267FEE0}.Debug|Any CPU.Build.0 = Debug|Any CPU
		{3F460DFD-9054-400C-BE03-EAD69267FEE0}.Release|Any CPU.ActiveCfg = Release|Any CPU
		{3F460DFD-9054-400C-BE03-EAD69267FEE0}.Release|Any CPU.Build.0 = Release|Any CPU
		{9E8CD970-F0DA-46A2-892F-A67877A4D992}.Debug|Any CPU.ActiveCfg = Debug|Any CPU
		{9E8CD970-F0DA-46A2-892F-A67877A4D992}.Debug|Any CPU.Build.0 = Debug|Any CPU
		{9E8CD970-F0DA-46A2-892F-A67877A4D992}.Release|Any CPU.ActiveCfg = Release|Any CPU
		{9E8CD970-F0DA-46A2-892F-A67877A4D992}.Release|Any CPU.Build.0 = Release|Any CPU
	EndGlobalSection
	GlobalSection(SolutionProperties) = preSolution
		HideSolutionNode = FALSE
	EndGlobalSection
	GlobalSection(ExtensibilityGlobals) = postSolution
		SolutionGuid = {9B21B41D-2DFD-422E-924C-2354C1356759}
	EndGlobalSection
EndGlobal
